
Microsoft Visual Studio Solution File, Format Version 12.00
# Visual Studio Version 16
VisualStudioVersion = 16.0.30803.129
MinimumVisualStudioVersion = 10.0.40219.1
Project("{9A19103F-16F7-4668-BE54-9A1E7A4F7556}") = "OrleansStatisticsKeeper.SiloHost", "OrleansStatisticsKeeper.SiloHost.csproj", "{77D13284-2316-4A8C-88D8-7F31CF94F2D1}"
EndProject
Project("{9A19103F-16F7-4668-BE54-9A1E7A4F7556}") = "Utils", "..\Utils\Utils.csproj", "{D94926A0-5E3B-4187-9A26-E4DD8796CC94}"
EndProject
Project("{9A19103F-16F7-4668-BE54-9A1E7A4F7556}") = "OrleansStatisticsKeeper.Grains", "..\OrleansStatisticsKeeper.Grains\OrleansStatisticsKeeper.Grains.csproj", "{C2B5F918-488A-4F36-A8CF-B78DD214F563}"
EndProject
Project("{9A19103F-16F7-4668-BE54-9A1E7A4F7556}") = "OrleansStatisticsKeeper.Grains.Tests", "..\OrleansStatisticsKeeper.Grains.Tests\OrleansStatisticsKeeper.Grains.Tests.csproj", "{9DF1B866-9E1E-4E87-B14C-A43B29CEE942}"
EndProject
Project("{9A19103F-16F7-4668-BE54-9A1E7A4F7556}") = "OrleansStatisticsKeeper.Client", "..\OrleansStatisticsKeeper.Client\OrleansStatisticsKeeper.Client.csproj", "{2F1C8AA1-2C67-42DB-B9DD-BB324C12E8DF}"
EndProject
Project("{9A19103F-16F7-4668-BE54-9A1E7A4F7556}") = "OrleansStatisticsKeeper.Models", "..\OrleansStatisticsKeeper.Models\OrleansStatisticsKeeper.Models.csproj", "{0F6C6219-3435-4448-9188-E2BB65E987C0}"
EndProject
Project("{9A19103F-16F7-4668-BE54-9A1E7A4F7556}") = "OrleansTestApplication", "..\OrleansTestApplication\OrleansTestApplication.csproj", "{267437F6-4745-40B6-A2F1-05831346C4C7}"
EndProject
Project("{9A19103F-16F7-4668-BE54-9A1E7A4F7556}") = "OrleansStatisticsKeeper.Grains.ClientGrainsPool", "..\OrleansStatisticsKeeper.Grains.ClientGrainsPool\OrleansStatisticsKeeper.Grains.ClientGrainsPool.csproj", "{14F8F25D-4AAC-44F2-8E0B-62ED2A321E1E}"
EndProject
Project("{9A19103F-16F7-4668-BE54-9A1E7A4F7556}") = "AsyncLogging", "..\AsyncLogging\AsyncLogging.csproj", "{13102E5C-C44B-4166-8A4D-644A187CC8E4}"
EndProject
Project("{2150E333-8FDC-42A3-9474-1A3956D46DE8}") = "Tests", "Tests", "{3FFD0DE7-D05F-4292-B80D-A75D877A4A80}"
EndProject
Project("{9A19103F-16F7-4668-BE54-9A1E7A4F7556}") = "TestAssembly", "..\TestAssembly\TestAssembly.csproj", "{4C9D34F2-E0B4-4ED6-ABA6-03032ACCE559}"
EndProject
Project("{2150E333-8FDC-42A3-9474-1A3956D46DE8}") = "TestApplication", "TestApplication", "{45F740A5-2F2B-4B25-82A0-138952EDE39E}"
EndProject
Project("{9A19103F-16F7-4668-BE54-9A1E7A4F7556}") = "RemoteTestClass", "..\RemoteTestClass\RemoteTestClass.csproj", "{57880D7D-B3AC-420A-AB81-9866B78B6FA9}"
EndProject
Project("{9A19103F-16F7-4668-BE54-9A1E7A4F7556}") = "ProcessMonitoringService1", "..\ProcessMonitoringService1\ProcessMonitoringService1.csproj", "{8D7BD594-C2CF-4E0C-902E-48BCC1A9A93C}"
EndProject
Project("{9A19103F-16F7-4668-BE54-9A1E7A4F7556}") = "OnlineMeteoStatistics.Parser", "..\OnlineMeteoStatistics\OnlineMeteoStatistics.Parser.csproj", "{AD4C2C3E-CBF3-4AFC-A848-E0356C714C5C}"
EndProject
Project("{FAE04EC0-301F-11D3-BF4B-00C04F79EFBC}") = "OrleansStatisticsKeeper.Client.Services", "..\OrleansStatisticsKeeper.Services\OrleansStatisticsKeeper.Client.Services.csproj", "{3967EA63-E7FC-4BFD-944E-E8FF400638DA}"
EndProject
Project("{FAE04EC0-301F-11D3-BF4B-00C04F79EFBC}") = "OnlineMeteoStatistics.MeanTemperatures", "..\OnlineMeteoStatistics.MeanTemperatures\OnlineMeteoStatistics.MeanTemperatures.csproj", "{8B2CCB8A-2507-408E-984C-85C843384F8C}"
EndProject
Project("{FAE04EC0-301F-11D3-BF4B-00C04F79EFBC}") = "OnlineMeteoStatistics.Commons", "..\OnlineMeteoStatistics.Commons\OnlineMeteoStatistics.Commons.csproj", "{DA98952F-A7AC-462E-AD64-C044BC6C6FA6}"
EndProject
Global
	GlobalSection(SolutionConfigurationPlatforms) = preSolution
		Debug|Any CPU = Debug|Any CPU
		Release|Any CPU = Release|Any CPU
	EndGlobalSection
	GlobalSection(ProjectConfigurationPlatforms) = postSolution
		{77D13284-2316-4A8C-88D8-7F31CF94F2D1}.Debug|Any CPU.ActiveCfg = Debug|Any CPU
		{77D13284-2316-4A8C-88D8-7F31CF94F2D1}.Debug|Any CPU.Build.0 = Debug|Any CPU
		{77D13284-2316-4A8C-88D8-7F31CF94F2D1}.Release|Any CPU.ActiveCfg = Release|Any CPU
		{77D13284-2316-4A8C-88D8-7F31CF94F2D1}.Release|Any CPU.Build.0 = Release|Any CPU
		{D94926A0-5E3B-4187-9A26-E4DD8796CC94}.Debug|Any CPU.ActiveCfg = Debug|Any CPU
		{D94926A0-5E3B-4187-9A26-E4DD8796CC94}.Debug|Any CPU.Build.0 = Debug|Any CPU
		{D94926A0-5E3B-4187-9A26-E4DD8796CC94}.Release|Any CPU.ActiveCfg = Release|Any CPU
		{D94926A0-5E3B-4187-9A26-E4DD8796CC94}.Release|Any CPU.Build.0 = Release|Any CPU
		{C2B5F918-488A-4F36-A8CF-B78DD214F563}.Debug|Any CPU.ActiveCfg = Debug|Any CPU
		{C2B5F918-488A-4F36-A8CF-B78DD214F563}.Debug|Any CPU.Build.0 = Debug|Any CPU
		{C2B5F918-488A-4F36-A8CF-B78DD214F563}.Release|Any CPU.ActiveCfg = Release|Any CPU
		{C2B5F918-488A-4F36-A8CF-B78DD214F563}.Release|Any CPU.Build.0 = Release|Any CPU
		{9DF1B866-9E1E-4E87-B14C-A43B29CEE942}.Debug|Any CPU.ActiveCfg = Debug|Any CPU
		{9DF1B866-9E1E-4E87-B14C-A43B29CEE942}.Debug|Any CPU.Build.0 = Debug|Any CPU
		{9DF1B866-9E1E-4E87-B14C-A43B29CEE942}.Release|Any CPU.ActiveCfg = Release|Any CPU
		{9DF1B866-9E1E-4E87-B14C-A43B29CEE942}.Release|Any CPU.Build.0 = Release|Any CPU
		{2F1C8AA1-2C67-42DB-B9DD-BB324C12E8DF}.Debug|Any CPU.ActiveCfg = Debug|Any CPU
		{2F1C8AA1-2C67-42DB-B9DD-BB324C12E8DF}.Debug|Any CPU.Build.0 = Debug|Any CPU
		{2F1C8AA1-2C67-42DB-B9DD-BB324C12E8DF}.Release|Any CPU.ActiveCfg = Release|Any CPU
		{2F1C8AA1-2C67-42DB-B9DD-BB324C12E8DF}.Release|Any CPU.Build.0 = Release|Any CPU
		{0F6C6219-3435-4448-9188-E2BB65E987C0}.Debug|Any CPU.ActiveCfg = Debug|Any CPU
		{0F6C6219-3435-4448-9188-E2BB65E987C0}.Debug|Any CPU.Build.0 = Debug|Any CPU
		{0F6C6219-3435-4448-9188-E2BB65E987C0}.Release|Any CPU.ActiveCfg = Release|Any CPU
		{0F6C6219-3435-4448-9188-E2BB65E987C0}.Release|Any CPU.Build.0 = Release|Any CPU
		{267437F6-4745-40B6-A2F1-05831346C4C7}.Debug|Any CPU.ActiveCfg = Debug|Any CPU
		{267437F6-4745-40B6-A2F1-05831346C4C7}.Debug|Any CPU.Build.0 = Debug|Any CPU
		{267437F6-4745-40B6-A2F1-05831346C4C7}.Release|Any CPU.ActiveCfg = Release|Any CPU
		{267437F6-4745-40B6-A2F1-05831346C4C7}.Release|Any CPU.Build.0 = Release|Any CPU
		{14F8F25D-4AAC-44F2-8E0B-62ED2A321E1E}.Debug|Any CPU.ActiveCfg = Debug|Any CPU
		{14F8F25D-4AAC-44F2-8E0B-62ED2A321E1E}.Debug|Any CPU.Build.0 = Debug|Any CPU
		{14F8F25D-4AAC-44F2-8E0B-62ED2A321E1E}.Release|Any CPU.ActiveCfg = Release|Any CPU
		{14F8F25D-4AAC-44F2-8E0B-62ED2A321E1E}.Release|Any CPU.Build.0 = Release|Any CPU
		{13102E5C-C44B-4166-8A4D-644A187CC8E4}.Debug|Any CPU.ActiveCfg = Debug|Any CPU
		{13102E5C-C44B-4166-8A4D-644A187CC8E4}.Debug|Any CPU.Build.0 = Debug|Any CPU
		{13102E5C-C44B-4166-8A4D-644A187CC8E4}.Release|Any CPU.ActiveCfg = Release|Any CPU
		{13102E5C-C44B-4166-8A4D-644A187CC8E4}.Release|Any CPU.Build.0 = Release|Any CPU
		{4C9D34F2-E0B4-4ED6-ABA6-03032ACCE559}.Debug|Any CPU.ActiveCfg = Debug|Any CPU
		{4C9D34F2-E0B4-4ED6-ABA6-03032ACCE559}.Debug|Any CPU.Build.0 = Debug|Any CPU
		{4C9D34F2-E0B4-4ED6-ABA6-03032ACCE559}.Release|Any CPU.ActiveCfg = Release|Any CPU
		{4C9D34F2-E0B4-4ED6-ABA6-03032ACCE559}.Release|Any CPU.Build.0 = Release|Any CPU
		{57880D7D-B3AC-420A-AB81-9866B78B6FA9}.Debug|Any CPU.ActiveCfg = Debug|Any CPU
		{57880D7D-B3AC-420A-AB81-9866B78B6FA9}.Debug|Any CPU.Build.0 = Debug|Any CPU
		{57880D7D-B3AC-420A-AB81-9866B78B6FA9}.Release|Any CPU.ActiveCfg = Release|Any CPU
		{57880D7D-B3AC-420A-AB81-9866B78B6FA9}.Release|Any CPU.Build.0 = Release|Any CPU
		{8D7BD594-C2CF-4E0C-902E-48BCC1A9A93C}.Debug|Any CPU.ActiveCfg = Debug|Any CPU
		{8D7BD594-C2CF-4E0C-902E-48BCC1A9A93C}.Debug|Any CPU.Build.0 = Debug|Any CPU
		{8D7BD594-C2CF-4E0C-902E-48BCC1A9A93C}.Release|Any CPU.ActiveCfg = Release|Any CPU
		{8D7BD594-C2CF-4E0C-902E-48BCC1A9A93C}.Release|Any CPU.Build.0 = Release|Any CPU
		{AD4C2C3E-CBF3-4AFC-A848-E0356C714C5C}.Debug|Any CPU.ActiveCfg = Debug|Any CPU
		{AD4C2C3E-CBF3-4AFC-A848-E0356C714C5C}.Debug|Any CPU.Build.0 = Debug|Any CPU
		{AD4C2C3E-CBF3-4AFC-A848-E0356C714C5C}.Release|Any CPU.ActiveCfg = Release|Any CPU
		{AD4C2C3E-CBF3-4AFC-A848-E0356C714C5C}.Release|Any CPU.Build.0 = Release|Any CPU
		{3967EA63-E7FC-4BFD-944E-E8FF400638DA}.Debug|Any CPU.ActiveCfg = Debug|Any CPU
		{3967EA63-E7FC-4BFD-944E-E8FF400638DA}.Debug|Any CPU.Build.0 = Debug|Any CPU
		{3967EA63-E7FC-4BFD-944E-E8FF400638DA}.Release|Any CPU.ActiveCfg = Release|Any CPU
		{3967EA63-E7FC-4BFD-944E-E8FF400638DA}.Release|Any CPU.Build.0 = Release|Any CPU
		{8B2CCB8A-2507-408E-984C-85C843384F8C}.Debug|Any CPU.ActiveCfg = Debug|Any CPU
		{8B2CCB8A-2507-408E-984C-85C843384F8C}.Debug|Any CPU.Build.0 = Debug|Any CPU
		{8B2CCB8A-2507-408E-984C-85C843384F8C}.Release|Any CPU.ActiveCfg = Release|Any CPU
		{8B2CCB8A-2507-408E-984C-85C843384F8C}.Release|Any CPU.Build.0 = Release|Any CPU
		{DA98952F-A7AC-462E-AD64-C044BC6C6FA6}.Debug|Any CPU.ActiveCfg = Debug|Any CPU
		{DA98952F-A7AC-462E-AD64-C044BC6C6FA6}.Debug|Any CPU.Build.0 = Debug|Any CPU
		{DA98952F-A7AC-462E-AD64-C044BC6C6FA6}.Release|Any CPU.ActiveCfg = Release|Any CPU
		{DA98952F-A7AC-462E-AD64-C044BC6C6FA6}.Release|Any CPU.Build.0 = Release|Any CPU
	EndGlobalSection
	GlobalSection(SolutionProperties) = preSolution
		HideSolutionNode = FALSE
	EndGlobalSection
	GlobalSection(NestedProjects) = preSolution
		{9DF1B866-9E1E-4E87-B14C-A43B29CEE942} = {3FFD0DE7-D05F-4292-B80D-A75D877A4A80}
		{267437F6-4745-40B6-A2F1-05831346C4C7} = {45F740A5-2F2B-4B25-82A0-138952EDE39E}
		{4C9D34F2-E0B4-4ED6-ABA6-03032ACCE559} = {3FFD0DE7-D05F-4292-B80D-A75D877A4A80}
		{57880D7D-B3AC-420A-AB81-9866B78B6FA9} = {45F740A5-2F2B-4B25-82A0-138952EDE39E}
		{8D7BD594-C2CF-4E0C-902E-48BCC1A9A93C} = {45F740A5-2F2B-4B25-82A0-138952EDE39E}
		{AD4C2C3E-CBF3-4AFC-A848-E0356C714C5C} = {45F740A5-2F2B-4B25-82A0-138952EDE39E}
		{8B2CCB8A-2507-408E-984C-85C843384F8C} = {45F740A5-2F2B-4B25-82A0-138952EDE39E}
		{DA98952F-A7AC-462E-AD64-C044BC6C6FA6} = {45F740A5-2F2B-4B25-82A0-138952EDE39E}
	EndGlobalSection
	GlobalSection(ExtensibilityGlobals) = postSolution
		SolutionGuid = {D8DC083F-A616-4BAA-94B5-404574C95D39}
	EndGlobalSection
EndGlobal
